
Microsoft Visual Studio Solution File, Format Version 10.00
# Visual Studio 2008
Project("{8BC9CEB8-8B4A-11D0-8D11-00A0C91BC942}") = "service", "service\service.vcproj", "{973D18E7-FB87-4434-8E88-D15C054A103F}"
EndProject
Global
	GlobalSection(SolutionConfigurationPlatforms) = preSolution
		Debug|Win32 = Debug|Win32
		Release|Win32 = Release|Win32
	EndGlobalSection
	GlobalSection(ProjectConfigurationPlatforms) = postSolution
		{973D18E7-FB87-4434-8E88-D15C054A103F}.Debug|Win32.ActiveCfg = Debug|Win32
		{973D18E7-FB87-4434-8E88-D15C054A103F}.Debug|Win32.Build.0 = Debug|Win32
		{973D18E7-FB87-4434-8E88-D15C054A103F}.Release|Win32.ActiveCfg = Release|Win32
		{973D18E7-FB87-4434-8E88-D15C054A103F}.Release|Win32.Build.0 = Release|Win32
	EndGlobalSection
	GlobalSection(SolutionProperties) = preSolution
		HideSolutionNode = FALSE
	EndGlobalSection
EndGlobal
