
Microsoft Visual Studio Solution File, Format Version 11.00
# Visual Studio 2010
Project("{8BC9CEB8-8B4A-11D0-8D11-00A0C91BC942}") = "MySQL_C++", "MySQL_C++\MySQL_C++.vcxproj", "{DFF7E057-16F0-45F6-9946-297F24E1749F}"
EndProject
Global
	GlobalSection(SolutionConfigurationPlatforms) = preSolution
		Debug|Win32 = Debug|Win32
		Release|Win32 = Release|Win32
	EndGlobalSection
	GlobalSection(ProjectConfigurationPlatforms) = postSolution
		{DFF7E057-16F0-45F6-9946-297F24E1749F}.Debug|Win32.ActiveCfg = Debug|Win32
		{DFF7E057-16F0-45F6-9946-297F24E1749F}.Debug|Win32.Build.0 = Debug|Win32
		{DFF7E057-16F0-45F6-9946-297F24E1749F}.Release|Win32.ActiveCfg = Release|Win32
		{DFF7E057-16F0-45F6-9946-297F24E1749F}.Release|Win32.Build.0 = Release|Win32
	EndGlobalSection
	GlobalSection(SolutionProperties) = preSolution
		HideSolutionNode = FALSE
	EndGlobalSection
EndGlobal
